PODS:
  - appcenter-analytics (4.4.5):
    - AppCenter/Analytics (~> 4.0)
    - AppCenterReactNativeShared (~> 4.0)
    - React-Core
  - appcenter-core (4.4.5):
    - AppCenterReactNativeShared (~> 4.0)
    - React-Core
  - appcenter-crashes (4.4.5):
    - AppCenter/Crashes (~> 4.0)
    - AppCenterReactNativeShared (~> 4.0)
    - React-Core
  - AppCenter/Analytics (4.4.3):
    - AppCenter/Core
  - AppCenter/Core (4.4.3)
  - AppCenter/Crashes (4.4.3):
    - AppCenter/Core
  - AppCenterReactNativeShared (4.4.5):
    - AppCenter/Core (= 4.4.3)
  - Base64 (1.1.2)
  - boost (1.76.0)
  - CocoaAsyncSocket (7.6.5)
  - CodePush (7.0.5):
    - Base64 (~> 1.1)
    - JWT (~> 3.0.0-beta.12)
    - React-Core
    - SSZipArchive (~> 2.2.2)
  - DoubleConversion (1.1.6)
  - FBLazyVector (0.69.5)
  - FBReactNativeSpec (0.69.5):
    - RCT-Folly (= 2021.06.28.00-v2)
    - RCTRequired (= 0.69.5)
    - RCTTypeSafety (= 0.69.5)
    - React-Core (= 0.69.5)
    - React-jsi (= 0.69.5)
    - ReactCommon/turbomodule/core (= 0.69.5)
  - Firebase/Analytics (10.2.0):
    - Firebase/Core
  - Firebase/Core (10.2.0):
    - Firebase/CoreOnly
    - FirebaseAnalytics (~> 10.2.0)
  - Firebase/CoreOnly (10.2.0):
    - FirebaseCore (= 10.2.0)
  - Firebase/Messaging (10.2.0):
    - Firebase/CoreOnly
    - FirebaseMessaging (~> 10.2.0)
  - FirebaseAnalytics (10.2.0):
    - FirebaseAnalytics/AdIdSupport (= 10.2.0)
    - FirebaseCore (~> 10.0)
    - FirebaseInstallations (~> 10.0)
    - GoogleUtilities/AppDelegateSwizzler (~> 7.8)
    - GoogleUtilities/MethodSwizzler (~> 7.8)
    - GoogleUtilities/Network (~> 7.8)
    - "GoogleUtilities/NSData+zlib (~> 7.8)"
    - nanopb (< 2.30910.0, >= 2.30908.0)
  - FirebaseAnalytics/AdIdSupport (10.2.0):
    - FirebaseCore (~> 10.0)
    - FirebaseInstallations (~> 10.0)
    - GoogleAppMeasurement (= 10.2.0)
    - GoogleUtilities/AppDelegateSwizzler (~> 7.8)
    - GoogleUtilities/MethodSwizzler (~> 7.8)
    - GoogleUtilities/Network (~> 7.8)
    - "GoogleUtilities/NSData+zlib (~> 7.8)"
    - nanopb (< 2.30910.0, >= 2.30908.0)
  - FirebaseCore (10.2.0):
    - FirebaseCoreInternal (~> 10.0)
    - GoogleUtilities/Environment (~> 7.8)
    - GoogleUtilities/Logger (~> 7.8)
  - FirebaseCoreExtension (10.2.0):
    - FirebaseCore (~> 10.0)
  - FirebaseCoreInternal (10.2.0):
    - "GoogleUtilities/NSData+zlib (~> 7.8)"
  - FirebaseInstallations (10.2.0):
    - FirebaseCore (~> 10.0)
    - GoogleUtilities/Environment (~> 7.8)
    - GoogleUtilities/UserDefaults (~> 7.8)
    - PromisesObjC (~> 2.1)
  - FirebaseMessaging (10.2.0):
    - FirebaseCore (~> 10.0)
    - FirebaseInstallations (~> 10.0)
    - GoogleDataTransport (~> 9.2)
    - GoogleUtilities/AppDelegateSwizzler (~> 7.8)
    - GoogleUtilities/Environment (~> 7.8)
    - GoogleUtilities/Reachability (~> 7.8)
    - GoogleUtilities/UserDefaults (~> 7.8)
    - nanopb (< 2.30910.0, >= 2.30908.0)
  - Flipper (0.125.0):
    - Flipper-Folly (~> 2.6)
    - Flipper-RSocket (~> 1.4)
  - Flipper-Boost-iOSX (1.76.0.1.11)
  - Flipper-DoubleConversion (3.2.0.1)
  - Flipper-Fmt (7.1.7)
  - Flipper-Folly (2.6.10):
    - Flipper-Boost-iOSX
    - Flipper-DoubleConversion
    - Flipper-Fmt (= 7.1.7)
    - Flipper-Glog
    - libevent (~> 2.1.12)
    - OpenSSL-Universal (= 1.1.1100)
  - Flipper-Glog (0.5.0.5)
  - Flipper-PeerTalk (0.0.4)
  - Flipper-RSocket (1.4.3):
    - Flipper-Folly (~> 2.6)
  - FlipperKit (0.125.0):
    - FlipperKit/Core (= 0.125.0)
  - FlipperKit/Core (0.125.0):
    - Flipper (~> 0.125.0)
    - FlipperKit/CppBridge
    - FlipperKit/FBCxxFollyDynamicConvert
    - FlipperKit/FBDefines
    - FlipperKit/FKPortForwarding
    - SocketRocket (~> 0.6.0)
  - FlipperKit/CppBridge (0.125.0):
    - Flipper (~> 0.125.0)
  - FlipperKit/FBCxxFollyDynamicConvert (0.125.0):
    - Flipper-Folly (~> 2.6)
  - FlipperKit/FBDefines (0.125.0)
  - FlipperKit/FKPortForwarding (0.125.0):
    - CocoaAsyncSocket (~> 7.6)
    - Flipper-PeerTalk (~> 0.0.4)
  - FlipperKit/FlipperKitHighlightOverlay (0.125.0)
  - FlipperKit/FlipperKitLayoutHelpers (0.125.0):
    - FlipperKit/Core
    - FlipperKit/FlipperKitHighlightOverlay
    - FlipperKit/FlipperKitLayoutTextSearchable
  - FlipperKit/FlipperKitLayoutIOSDescriptors (0.125.0):
    - FlipperKit/Core
    - FlipperKit/FlipperKitHighlightOverlay
    - FlipperKit/FlipperKitLayoutHelpers
    - YogaKit (~> 1.18)
  - FlipperKit/FlipperKitLayoutPlugin (0.125.0):
    - FlipperKit/Core
    - FlipperKit/FlipperKitHighlightOverlay
    - FlipperKit/FlipperKitLayoutHelpers
    - FlipperKit/FlipperKitLayoutIOSDescriptors
    - FlipperKit/FlipperKitLayoutTextSearchable
    - YogaKit (~> 1.18)
  - FlipperKit/FlipperKitLayoutTextSearchable (0.125.0)
  - FlipperKit/FlipperKitNetworkPlugin (0.125.0):
    - FlipperKit/Core
  - FlipperKit/FlipperKitReactPlugin (0.125.0):
    - FlipperKit/Core
  - FlipperKit/FlipperKitUserDefaultsPlugin (0.125.0):
    - FlipperKit/Core
  - FlipperKit/SKIOSNetworkPlugin (0.125.0):
    - FlipperKit/Core
    - FlipperKit/FlipperKitNetworkPlugin
  - fmt (6.2.1)
  - glog (0.3.5)
  - GoogleAppMeasurement (10.2.0):
    - GoogleAppMeasurement/AdIdSupport (= 10.2.0)
    - GoogleUtilities/AppDelegateSwizzler (~> 7.8)
    - GoogleUtilities/MethodSwizzler (~> 7.8)
    - GoogleUtilities/Network (~> 7.8)
    - "GoogleUtilities/NSData+zlib (~> 7.8)"
    - nanopb (< 2.30910.0, >= 2.30908.0)
  - GoogleAppMeasurement/AdIdSupport (10.2.0):
    - GoogleAppMeasurement/WithoutAdIdSupport (= 10.2.0)
    - GoogleUtilities/AppDelegateSwizzler (~> 7.8)
    - GoogleUtilities/MethodSwizzler (~> 7.8)
    - GoogleUtilities/Network (~> 7.8)
    - "GoogleUtilities/NSData+zlib (~> 7.8)"
    - nanopb (< 2.30910.0, >= 2.30908.0)
  - GoogleAppMeasurement/WithoutAdIdSupport (10.2.0):
    - GoogleUtilities/AppDelegateSwizzler (~> 7.8)
    - GoogleUtilities/MethodSwizzler (~> 7.8)
    - GoogleUtilities/Network (~> 7.8)
    - "GoogleUtilities/NSData+zlib (~> 7.8)"
    - nanopb (< 2.30910.0, >= 2.30908.0)
  - GoogleDataTransport (9.2.0):
    - GoogleUtilities/Environment (~> 7.7)
    - nanopb (< 2.30910.0, >= 2.30908.0)
    - PromisesObjC (< 3.0, >= 1.2)
  - GoogleUtilities (7.10.0):
    - GoogleUtilities/AppDelegateSwizzler (= 7.10.0)
    - GoogleUtilities/Environment (= 7.10.0)
    - GoogleUtilities/ISASwizzler (= 7.10.0)
    - GoogleUtilities/Logger (= 7.10.0)
    - GoogleUtilities/MethodSwizzler (= 7.10.0)
    - GoogleUtilities/Network (= 7.10.0)
    - "GoogleUtilities/NSData+zlib (= 7.10.0)"
    - GoogleUtilities/Reachability (= 7.10.0)
    - GoogleUtilities/SwizzlerTestHelpers (= 7.10.0)
    - GoogleUtilities/UserDefaults (= 7.10.0)
  - GoogleUtilities/AppDelegateSwizzler (7.10.0):
    - GoogleUtilities/Environment
    - GoogleUtilities/Logger
    - GoogleUtilities/Network
  - GoogleUtilities/Environment (7.10.0):
    - PromisesObjC (< 3.0, >= 1.2)
  - GoogleUtilities/ISASwizzler (7.10.0)
  - GoogleUtilities/Logger (7.10.0):
    - GoogleUtilities/Environment
  - GoogleUtilities/MethodSwizzler (7.10.0):
    - GoogleUtilities/Logger
  - GoogleUtilities/Network (7.10.0):
    - GoogleUtilities/Logger
    - "GoogleUtilities/NSData+zlib"
    - GoogleUtilities/Reachability
  - "GoogleUtilities/NSData+zlib (7.10.0)"
  - GoogleUtilities/Reachability (7.10.0):
    - GoogleUtilities/Logger
  - GoogleUtilities/SwizzlerTestHelpers (7.10.0):
    - GoogleUtilities/MethodSwizzler
  - GoogleUtilities/UserDefaults (7.10.0):
    - GoogleUtilities/Logger
  - hermes-engine (0.69.5)
  - iamport-react-native (2.0.2):
    - React-Core
  - JWT (3.0.0-beta.14):
    - Base64 (~> 1.1.2)
  - libevent (2.1.12)
  - libwebp (1.2.3):
    - libwebp/demux (= 1.2.3)
    - libwebp/mux (= 1.2.3)
    - libwebp/webp (= 1.2.3)
  - libwebp/demux (1.2.3):
    - libwebp/webp
  - libwebp/mux (1.2.3):
    - libwebp/demux
  - libwebp/webp (1.2.3)
  - nanopb (2.30909.0):
    - nanopb/decode (= 2.30909.0)
    - nanopb/encode (= 2.30909.0)
  - nanopb/decode (2.30909.0)
  - nanopb/encode (2.30909.0)
  - NMapsMap (3.16.0)
  - OpenSSL-Universal (1.1.1100)
  - Permission-Camera (3.6.1):
    - RNPermissions
  - Permission-LocationAccuracy (3.6.1):
    - RNPermissions
  - Permission-LocationAlways (3.6.1):
    - RNPermissions
  - Permission-LocationWhenInUse (3.6.1):
    - RNPermissions
  - Permission-Notifications (3.6.1):
    - RNPermissions
  - Permission-PhotoLibrary (3.6.1):
    - RNPermissions
  - PromisesObjC (2.1.1)
  - RCT-Folly (2021.06.28.00-v2):
    - boost
    - DoubleConversion
    - fmt (~> 6.2.1)
    - glog
    - RCT-Folly/Default (= 2021.06.28.00-v2)
  - RCT-Folly/Default (2021.06.28.00-v2):
    - boost
    - DoubleConversion
    - fmt (~> 6.2.1)
    - glog
  - RCT-Folly/Futures (2021.06.28.00-v2):
    - boost
    - DoubleConversion
    - fmt (~> 6.2.1)
    - glog
    - libevent
  - RCTRequired (0.69.5)
  - RCTTypeSafety (0.69.5):
    - FBLazyVector (= 0.69.5)
    - RCTRequired (= 0.69.5)
    - React-Core (= 0.69.5)
  - React (0.69.5):
    - React-Core (= 0.69.5)
    - React-Core/DevSupport (= 0.69.5)
    - React-Core/RCTWebSocket (= 0.69.5)
    - React-RCTActionSheet (= 0.69.5)
    - React-RCTAnimation (= 0.69.5)
    - React-RCTBlob (= 0.69.5)
    - React-RCTImage (= 0.69.5)
    - React-RCTLinking (= 0.69.5)
    - React-RCTNetwork (= 0.69.5)
    - React-RCTSettings (= 0.69.5)
    - React-RCTText (= 0.69.5)
    - React-RCTVibration (= 0.69.5)
  - React-bridging (0.69.5):
    - RCT-Folly (= 2021.06.28.00-v2)
    - React-jsi (= 0.69.5)
  - React-callinvoker (0.69.5)
  - React-Codegen (0.69.5):
    - FBReactNativeSpec (= 0.69.5)
    - RCT-Folly (= 2021.06.28.00-v2)
    - RCTRequired (= 0.69.5)
    - RCTTypeSafety (= 0.69.5)
    - React-Core (= 0.69.5)
    - React-jsi (= 0.69.5)
    - React-jsiexecutor (= 0.69.5)
    - ReactCommon/turbomodule/core (= 0.69.5)
  - React-Core (0.69.5):
    - glog
    - RCT-Folly (= 2021.06.28.00-v2)
    - React-Core/Default (= 0.69.5)
    - React-cxxreact (= 0.69.5)
    - React-jsi (= 0.69.5)
    - React-jsiexecutor (= 0.69.5)
    - React-perflogger (= 0.69.5)
    - Yoga
  - React-Core/CoreModulesHeaders (0.69.5):
    - glog
    - RCT-Folly (= 2021.06.28.00-v2)
    - React-Core/Default
    - React-cxxreact (= 0.69.5)
    - React-jsi (= 0.69.5)
    - React-jsiexecutor (= 0.69.5)
    - React-perflogger (= 0.69.5)
    - Yoga
  - React-Core/Default (0.69.5):
    - glog
    - RCT-Folly (= 2021.06.28.00-v2)
    - React-cxxreact (= 0.69.5)
    - React-jsi (= 0.69.5)
    - React-jsiexecutor (= 0.69.5)
    - React-perflogger (= 0.69.5)
    - Yoga
  - React-Core/DevSupport (0.69.5):
    - glog
    - RCT-Folly (= 2021.06.28.00-v2)
    - React-Core/Default (= 0.69.5)
    - React-Core/RCTWebSocket (= 0.69.5)
    - React-cxxreact (= 0.69.5)
    - React-jsi (= 0.69.5)
    - React-jsiexecutor (= 0.69.5)
    - React-jsinspector (= 0.69.5)
    - React-perflogger (= 0.69.5)
    - Yoga
  - React-Core/RCTActionSheetHeaders (0.69.5):
    - glog
    - RCT-Folly (= 2021.06.28.00-v2)
    - React-Core/Default
    - React-cxxreact (= 0.69.5)
    - React-jsi (= 0.69.5)
    - React-jsiexecutor (= 0.69.5)
    - React-perflogger (= 0.69.5)
    - Yoga
  - React-Core/RCTAnimationHeaders (0.69.5):
    - glog
    - RCT-Folly (= 2021.06.28.00-v2)
    - React-Core/Default
    - React-cxxreact (= 0.69.5)
    - React-jsi (= 0.69.5)
    - React-jsiexecutor (= 0.69.5)
    - React-perflogger (= 0.69.5)
    - Yoga
  - React-Core/RCTBlobHeaders (0.69.5):
    - glog
    - RCT-Folly (= 2021.06.28.00-v2)
    - React-Core/Default
    - React-cxxreact (= 0.69.5)
    - React-jsi (= 0.69.5)
    - React-jsiexecutor (= 0.69.5)
    - React-perflogger (= 0.69.5)
    - Yoga
  - React-Core/RCTImageHeaders (0.69.5):
    - glog
    - RCT-Folly (= 2021.06.28.00-v2)
    - React-Core/Default
    - React-cxxreact (= 0.69.5)
    - React-jsi (= 0.69.5)
    - React-jsiexecutor (= 0.69.5)
    - React-perflogger (= 0.69.5)
    - Yoga
  - React-Core/RCTLinkingHeaders (0.69.5):
    - glog
    - RCT-Folly (= 2021.06.28.00-v2)
    - React-Core/Default
    - React-cxxreact (= 0.69.5)
    - React-jsi (= 0.69.5)
    - React-jsiexecutor (= 0.69.5)
    - React-perflogger (= 0.69.5)
    - Yoga
  - React-Core/RCTNetworkHeaders (0.69.5):
    - glog
    - RCT-Folly (= 2021.06.28.00-v2)
    - React-Core/Default
    - React-cxxreact (= 0.69.5)
    - React-jsi (= 0.69.5)
    - React-jsiexecutor (= 0.69.5)
    - React-perflogger (= 0.69.5)
    - Yoga
  - React-Core/RCTSettingsHeaders (0.69.5):
    - glog
    - RCT-Folly (= 2021.06.28.00-v2)
    - React-Core/Default
    - React-cxxreact (= 0.69.5)
    - React-jsi (= 0.69.5)
    - React-jsiexecutor (= 0.69.5)
    - React-perflogger (= 0.69.5)
    - Yoga
  - React-Core/RCTTextHeaders (0.69.5):
    - glog
    - RCT-Folly (= 2021.06.28.00-v2)
    - React-Core/Default
    - React-cxxreact (= 0.69.5)
    - React-jsi (= 0.69.5)
    - React-jsiexecutor (= 0.69.5)
    - React-perflogger (= 0.69.5)
    - Yoga
  - React-Core/RCTVibrationHeaders (0.69.5):
    - glog
    - RCT-Folly (= 2021.06.28.00-v2)
    - React-Core/Default
    - React-cxxreact (= 0.69.5)
    - React-jsi (= 0.69.5)
    - React-jsiexecutor (= 0.69.5)
    - React-perflogger (= 0.69.5)
    - Yoga
  - React-Core/RCTWebSocket (0.69.5):
    - glog
    - RCT-Folly (= 2021.06.28.00-v2)
    - React-Core/Default (= 0.69.5)
    - React-cxxreact (= 0.69.5)
    - React-jsi (= 0.69.5)
    - React-jsiexecutor (= 0.69.5)
    - React-perflogger (= 0.69.5)
    - Yoga
  - React-CoreModules (0.69.5):
    - RCT-Folly (= 2021.06.28.00-v2)
    - RCTTypeSafety (= 0.69.5)
    - React-Codegen (= 0.69.5)
    - React-Core/CoreModulesHeaders (= 0.69.5)
    - React-jsi (= 0.69.5)
    - React-RCTImage (= 0.69.5)
    - ReactCommon/turbomodule/core (= 0.69.5)
  - React-cxxreact (0.69.5):
    - boost (= 1.76.0)
    - DoubleConversion
    - glog
    - RCT-Folly (= 2021.06.28.00-v2)
    - React-callinvoker (= 0.69.5)
    - React-jsi (= 0.69.5)
    - React-jsinspector (= 0.69.5)
    - React-logger (= 0.69.5)
    - React-perflogger (= 0.69.5)
    - React-runtimeexecutor (= 0.69.5)
  - React-hermes (0.69.5):
    - DoubleConversion
    - glog
    - hermes-engine
    - RCT-Folly (= 2021.06.28.00-v2)
    - RCT-Folly/Futures (= 2021.06.28.00-v2)
    - React-cxxreact (= 0.69.5)
    - React-jsi (= 0.69.5)
    - React-jsiexecutor (= 0.69.5)
    - React-jsinspector (= 0.69.5)
    - React-perflogger (= 0.69.5)
  - React-jsi (0.69.5):
    - boost (= 1.76.0)
    - DoubleConversion
    - glog
    - RCT-Folly (= 2021.06.28.00-v2)
    - React-jsi/Default (= 0.69.5)
  - React-jsi/Default (0.69.5):
    - boost (= 1.76.0)
    - DoubleConversion
    - glog
    - RCT-Folly (= 2021.06.28.00-v2)
  - React-jsiexecutor (0.69.5):
    - DoubleConversion
    - glog
    - RCT-Folly (= 2021.06.28.00-v2)
    - React-cxxreact (= 0.69.5)
    - React-jsi (= 0.69.5)
    - React-perflogger (= 0.69.5)
  - React-jsinspector (0.69.5)
  - React-logger (0.69.5):
    - glog
  - react-native-config (1.4.11):
    - react-native-config/App (= 1.4.11)
  - react-native-config/App (1.4.11):
    - React-Core
  - react-native-encrypted-storage (4.0.2):
    - React-Core
  - react-native-geolocation (3.0.1):
    - React-Core
  - react-native-image-base64 (0.1.4):
    - React
  - react-native-image-resizer (1.4.5):
    - React-Core
  - react-native-nmap (0.0.66):
    - NMapsMap
    - React
  - react-native-safe-area-context (4.3.3):
    - RCT-Folly
    - RCTRequired
    - RCTTypeSafety
    - React-Core
    - ReactCommon/turbomodule/core
  - react-native-slider (4.3.0):
    - React-Core
  - react-native-splash-screen (3.3.0):
    - React-Core
  - react-native-webview (11.23.1):
    - React-Core
  - React-perflogger (0.69.5)
  - React-RCTActionSheet (0.69.5):
    - React-Core/RCTActionSheetHeaders (= 0.69.5)
  - React-RCTAnimation (0.69.5):
    - RCT-Folly (= 2021.06.28.00-v2)
    - RCTTypeSafety (= 0.69.5)
    - React-Codegen (= 0.69.5)
    - React-Core/RCTAnimationHeaders (= 0.69.5)
    - React-jsi (= 0.69.5)
    - ReactCommon/turbomodule/core (= 0.69.5)
  - React-RCTBlob (0.69.5):
    - RCT-Folly (= 2021.06.28.00-v2)
    - React-Codegen (= 0.69.5)
    - React-Core/RCTBlobHeaders (= 0.69.5)
    - React-Core/RCTWebSocket (= 0.69.5)
    - React-jsi (= 0.69.5)
    - React-RCTNetwork (= 0.69.5)
    - ReactCommon/turbomodule/core (= 0.69.5)
  - React-RCTImage (0.69.5):
    - RCT-Folly (= 2021.06.28.00-v2)
    - RCTTypeSafety (= 0.69.5)
    - React-Codegen (= 0.69.5)
    - React-Core/RCTImageHeaders (= 0.69.5)
    - React-jsi (= 0.69.5)
    - React-RCTNetwork (= 0.69.5)
    - ReactCommon/turbomodule/core (= 0.69.5)
  - React-RCTLinking (0.69.5):
    - React-Codegen (= 0.69.5)
    - React-Core/RCTLinkingHeaders (= 0.69.5)
    - React-jsi (= 0.69.5)
    - ReactCommon/turbomodule/core (= 0.69.5)
  - React-RCTNetwork (0.69.5):
    - RCT-Folly (= 2021.06.28.00-v2)
    - RCTTypeSafety (= 0.69.5)
    - React-Codegen (= 0.69.5)
    - React-Core/RCTNetworkHeaders (= 0.69.5)
    - React-jsi (= 0.69.5)
    - ReactCommon/turbomodule/core (= 0.69.5)
  - React-RCTSettings (0.69.5):
    - RCT-Folly (= 2021.06.28.00-v2)
    - RCTTypeSafety (= 0.69.5)
    - React-Codegen (= 0.69.5)
    - React-Core/RCTSettingsHeaders (= 0.69.5)
    - React-jsi (= 0.69.5)
    - ReactCommon/turbomodule/core (= 0.69.5)
  - React-RCTText (0.69.5):
    - React-Core/RCTTextHeaders (= 0.69.5)
  - React-RCTVibration (0.69.5):
    - RCT-Folly (= 2021.06.28.00-v2)
    - React-Codegen (= 0.69.5)
    - React-Core/RCTVibrationHeaders (= 0.69.5)
    - React-jsi (= 0.69.5)
    - ReactCommon/turbomodule/core (= 0.69.5)
  - React-runtimeexecutor (0.69.5):
    - React-jsi (= 0.69.5)
  - ReactCommon/turbomodule/core (0.69.5):
    - DoubleConversion
    - glog
    - RCT-Folly (= 2021.06.28.00-v2)
    - React-bridging (= 0.69.5)
    - React-callinvoker (= 0.69.5)
    - React-Core (= 0.69.5)
    - React-cxxreact (= 0.69.5)
    - React-jsi (= 0.69.5)
    - React-logger (= 0.69.5)
    - React-perflogger (= 0.69.5)
  - rn-fetch-blob (0.12.0):
    - React-Core
  - RNCCheckbox (0.5.12):
    - React-Core
  - RNCPicker (2.4.8):
    - React-Core
  - RNCPushNotificationIOS (1.10.1):
    - React-Core
  - RNDateTimePicker (6.5.5):
    - React-Core
  - RNFastImage (8.6.1):
    - React-Core
    - SDWebImage (~> 5.11.1)
    - SDWebImageWebPCoder (~> 0.8.4)
  - RNFBAnalytics (16.4.5):
    - Firebase/Analytics (= 10.2.0)
    - React-Core
    - RNFBApp
  - RNFBApp (16.4.5):
    - Firebase/CoreOnly (= 10.2.0)
    - React-Core
  - RNFBMessaging (16.4.5):
    - Firebase/Messaging (= 10.2.0)
    - FirebaseCoreExtension (= 10.2.0)
    - React-Core
    - RNFBApp
  - RNGestureHandler (2.7.0):
    - React-Core
  - RNImageCropPicker (0.38.0):
    - React-Core
    - React-RCTImage
    - RNImageCropPicker/QBImagePickerController (= 0.38.0)
    - TOCropViewController
  - RNImageCropPicker/QBImagePickerController (0.38.0):
    - React-Core
    - React-RCTImage
    - TOCropViewController
  - RNPermissions (3.6.1):
    - React-Core
  - RNReanimated (2.10.0):
    - DoubleConversion
    - FBLazyVector
    - FBReactNativeSpec
    - glog
    - RCT-Folly
    - RCTRequired
    - RCTTypeSafety
    - React-callinvoker
    - React-Core
    - React-Core/DevSupport
    - React-Core/RCTWebSocket
    - React-CoreModules
    - React-cxxreact
    - React-jsi
    - React-jsiexecutor
    - React-jsinspector
    - React-RCTActionSheet
    - React-RCTAnimation
    - React-RCTBlob
    - React-RCTImage
    - React-RCTLinking
    - React-RCTNetwork
    - React-RCTSettings
    - React-RCTText
    - ReactCommon/turbomodule/core
    - Yoga
  - RNScreens (3.17.0):
    - React-Core
    - React-RCTImage
  - RNSVG (13.2.0):
    - React-Core
  - SDWebImage (5.11.1):
    - SDWebImage/Core (= 5.11.1)
  - SDWebImage/Core (5.11.1)
  - SDWebImageWebPCoder (0.8.5):
    - libwebp (~> 1.0)
    - SDWebImage/Core (~> 5.10)
  - SocketRocket (0.6.0)
  - SSZipArchive (2.2.3)
  - TOCropViewController (2.6.1)
  - Yoga (1.14.0)
  - YogaKit (1.18.1):
    - Yoga (~> 1.14)

DEPENDENCIES:
  - appcenter-analytics (from `../node_modules/appcenter-analytics`)
  - appcenter-core (from `../node_modules/appcenter`)
  - appcenter-crashes (from `../node_modules/appcenter-crashes`)
  - boost (from `../node_modules/react-native/third-party-podspecs/boost.podspec`)
  - CodePush (from `../node_modules/react-native-code-push`)
  - DoubleConversion (from `../node_modules/react-native/third-party-podspecs/DoubleConversion.podspec`)
  - FBLazyVector (from `../node_modules/react-native/Libraries/FBLazyVector`)
  - FBReactNativeSpec (from `../node_modules/react-native/React/FBReactNativeSpec`)
  - Firebase/Analytics
  - Firebase/Messaging
  - FirebaseCore
  - Flipper (= 0.125.0)
  - Flipper-Boost-iOSX (= 1.76.0.1.11)
  - Flipper-DoubleConversion (= 3.2.0.1)
  - Flipper-Fmt (= 7.1.7)
  - Flipper-Folly (= 2.6.10)
  - Flipper-Glog (= 0.5.0.5)
  - Flipper-PeerTalk (= 0.0.4)
  - Flipper-RSocket (= 1.4.3)
  - FlipperKit (= 0.125.0)
  - FlipperKit/Core (= 0.125.0)
  - FlipperKit/CppBridge (= 0.125.0)
  - FlipperKit/FBCxxFollyDynamicConvert (= 0.125.0)
  - FlipperKit/FBDefines (= 0.125.0)
  - FlipperKit/FKPortForwarding (= 0.125.0)
  - FlipperKit/FlipperKitHighlightOverlay (= 0.125.0)
  - FlipperKit/FlipperKitLayoutPlugin (= 0.125.0)
  - FlipperKit/FlipperKitLayoutTextSearchable (= 0.125.0)
  - FlipperKit/FlipperKitNetworkPlugin (= 0.125.0)
  - FlipperKit/FlipperKitReactPlugin (= 0.125.0)
  - FlipperKit/FlipperKitUserDefaultsPlugin (= 0.125.0)
  - FlipperKit/SKIOSNetworkPlugin (= 0.125.0)
  - glog (from `../node_modules/react-native/third-party-podspecs/glog.podspec`)
  - GoogleUtilities
  - hermes-engine (from `../node_modules/react-native/sdks/hermes/hermes-engine.podspec`)
  - iamport-react-native (from `../node_modules/iamport-react-native`)
  - libevent (~> 2.1.12)
  - OpenSSL-Universal (= 1.1.1100)
  - Permission-Camera (from `../node_modules/react-native-permissions/ios/Camera`)
  - Permission-LocationAccuracy (from `../node_modules/react-native-permissions/ios/LocationAccuracy`)
  - Permission-LocationAlways (from `../node_modules/react-native-permissions/ios/LocationAlways`)
  - Permission-LocationWhenInUse (from `../node_modules/react-native-permissions/ios/LocationWhenInUse`)
  - Permission-Notifications (from `../node_modules/react-native-permissions/ios/Notifications`)
  - Permission-PhotoLibrary (from `../node_modules/react-native-permissions/ios/PhotoLibrary`)
  - RCT-Folly (from `../node_modules/react-native/third-party-podspecs/RCT-Folly.podspec`)
  - RCTRequired (from `../node_modules/react-native/Libraries/RCTRequired`)
  - RCTTypeSafety (from `../node_modules/react-native/Libraries/TypeSafety`)
  - React (from `../node_modules/react-native/`)
  - React-bridging (from `../node_modules/react-native/ReactCommon`)
  - React-callinvoker (from `../node_modules/react-native/ReactCommon/callinvoker`)
  - React-Codegen (from `build/generated/ios`)
  - React-Core (from `../node_modules/react-native/`)
  - React-Core/DevSupport (from `../node_modules/react-native/`)
  - React-Core/RCTWebSocket (from `../node_modules/react-native/`)
  - React-CoreModules (from `../node_modules/react-native/React/CoreModules`)
  - React-cxxreact (from `../node_modules/react-native/ReactCommon/cxxreact`)
  - React-hermes (from `../node_modules/react-native/ReactCommon/hermes`)
  - React-jsi (from `../node_modules/react-native/ReactCommon/jsi`)
  - React-jsiexecutor (from `../node_modules/react-native/ReactCommon/jsiexecutor`)
  - React-jsinspector (from `../node_modules/react-native/ReactCommon/jsinspector`)
  - React-logger (from `../node_modules/react-native/ReactCommon/logger`)
  - react-native-config (from `../node_modules/react-native-config`)
  - react-native-encrypted-storage (from `../node_modules/react-native-encrypted-storage`)
  - "react-native-geolocation (from `../node_modules/@react-native-community/geolocation`)"
  - react-native-image-base64 (from `../node_modules/react-native-image-base64`)
  - react-native-image-resizer (from `../node_modules/react-native-image-resizer`)
  - react-native-nmap (from `../node_modules/react-native-nmap`)
  - react-native-safe-area-context (from `../node_modules/react-native-safe-area-context`)
  - "react-native-slider (from `../node_modules/@react-native-community/slider`)"
  - react-native-splash-screen (from `../node_modules/react-native-splash-screen`)
  - react-native-webview (from `../node_modules/react-native-webview`)
  - React-perflogger (from `../node_modules/react-native/ReactCommon/reactperflogger`)
  - React-RCTActionSheet (from `../node_modules/react-native/Libraries/ActionSheetIOS`)
  - React-RCTAnimation (from `../node_modules/react-native/Libraries/NativeAnimation`)
  - React-RCTBlob (from `../node_modules/react-native/Libraries/Blob`)
  - React-RCTImage (from `../node_modules/react-native/Libraries/Image`)
  - React-RCTLinking (from `../node_modules/react-native/Libraries/LinkingIOS`)
  - React-RCTNetwork (from `../node_modules/react-native/Libraries/Network`)
  - React-RCTSettings (from `../node_modules/react-native/Libraries/Settings`)
  - React-RCTText (from `../node_modules/react-native/Libraries/Text`)
  - React-RCTVibration (from `../node_modules/react-native/Libraries/Vibration`)
  - React-runtimeexecutor (from `../node_modules/react-native/ReactCommon/runtimeexecutor`)
  - ReactCommon/turbomodule/core (from `../node_modules/react-native/ReactCommon`)
  - rn-fetch-blob (from `../node_modules/rn-fetch-blob`)
  - "RNCCheckbox (from `../node_modules/@react-native-community/checkbox`)"
  - "RNCPicker (from `../node_modules/@react-native-picker/picker`)"
  - "RNCPushNotificationIOS (from `../node_modules/@react-native-community/push-notification-ios`)"
  - "RNDateTimePicker (from `../node_modules/@react-native-community/datetimepicker`)"
  - RNFastImage (from `../node_modules/react-native-fast-image`)
  - "RNFBAnalytics (from `../node_modules/@react-native-firebase/analytics`)"
  - "RNFBApp (from `../node_modules/@react-native-firebase/app`)"
  - "RNFBMessaging (from `../node_modules/@react-native-firebase/messaging`)"
  - RNGestureHandler (from `../node_modules/react-native-gesture-handler`)
  - RNImageCropPicker (from `../node_modules/react-native-image-crop-picker`)
  - RNPermissions (from `../node_modules/react-native-permissions`)
  - RNReanimated (from `../node_modules/react-native-reanimated`)
  - RNScreens (from `../node_modules/react-native-screens`)
  - RNSVG (from `../node_modules/react-native-svg`)
  - Yoga (from `../node_modules/react-native/ReactCommon/yoga`)

SPEC REPOS:
  trunk:
    - AppCenter
    - AppCenterReactNativeShared
    - Base64
    - CocoaAsyncSocket
    - Firebase
    - FirebaseAnalytics
    - FirebaseCore
    - FirebaseCoreExtension
    - FirebaseCoreInternal
    - FirebaseInstallations
    - FirebaseMessaging
    - Flipper
    - Flipper-Boost-iOSX
    - Flipper-DoubleConversion
    - Flipper-Fmt
    - Flipper-Folly
    - Flipper-Glog
    - Flipper-PeerTalk
    - Flipper-RSocket
    - FlipperKit
    - fmt
    - GoogleAppMeasurement
    - GoogleDataTransport
    - GoogleUtilities
    - JWT
    - libevent
    - libwebp
    - nanopb
    - NMapsMap
    - OpenSSL-Universal
    - PromisesObjC
    - SDWebImage
    - SDWebImageWebPCoder
    - SocketRocket
    - SSZipArchive
    - TOCropViewController
    - YogaKit

EXTERNAL SOURCES:
  appcenter-analytics:
    :path: "../node_modules/appcenter-analytics"
  appcenter-core:
    :path: "../node_modules/appcenter"
  appcenter-crashes:
    :path: "../node_modules/appcenter-crashes"
  boost:
    :podspec: "../node_modules/react-native/third-party-podspecs/boost.podspec"
  CodePush:
    :path: "../node_modules/react-native-code-push"
  DoubleConversion:
    :podspec: "../node_modules/react-native/third-party-podspecs/DoubleConversion.podspec"
  FBLazyVector:
    :path: "../node_modules/react-native/Libraries/FBLazyVector"
  FBReactNativeSpec:
    :path: "../node_modules/react-native/React/FBReactNativeSpec"
  glog:
    :podspec: "../node_modules/react-native/third-party-podspecs/glog.podspec"
  hermes-engine:
    :podspec: "../node_modules/react-native/sdks/hermes/hermes-engine.podspec"
  iamport-react-native:
    :path: "../node_modules/iamport-react-native"
  Permission-Camera:
    :path: "../node_modules/react-native-permissions/ios/Camera"
  Permission-LocationAccuracy:
    :path: "../node_modules/react-native-permissions/ios/LocationAccuracy"
  Permission-LocationAlways:
    :path: "../node_modules/react-native-permissions/ios/LocationAlways"
  Permission-LocationWhenInUse:
    :path: "../node_modules/react-native-permissions/ios/LocationWhenInUse"
  Permission-Notifications:
    :path: "../node_modules/react-native-permissions/ios/Notifications"
  Permission-PhotoLibrary:
    :path: "../node_modules/react-native-permissions/ios/PhotoLibrary"
  RCT-Folly:
    :podspec: "../node_modules/react-native/third-party-podspecs/RCT-Folly.podspec"
  RCTRequired:
    :path: "../node_modules/react-native/Libraries/RCTRequired"
  RCTTypeSafety:
    :path: "../node_modules/react-native/Libraries/TypeSafety"
  React:
    :path: "../node_modules/react-native/"
  React-bridging:
    :path: "../node_modules/react-native/ReactCommon"
  React-callinvoker:
    :path: "../node_modules/react-native/ReactCommon/callinvoker"
  React-Codegen:
    :path: build/generated/ios
  React-Core:
    :path: "../node_modules/react-native/"
  React-CoreModules:
    :path: "../node_modules/react-native/React/CoreModules"
  React-cxxreact:
    :path: "../node_modules/react-native/ReactCommon/cxxreact"
  React-hermes:
    :path: "../node_modules/react-native/ReactCommon/hermes"
  React-jsi:
    :path: "../node_modules/react-native/ReactCommon/jsi"
  React-jsiexecutor:
    :path: "../node_modules/react-native/ReactCommon/jsiexecutor"
  React-jsinspector:
    :path: "../node_modules/react-native/ReactCommon/jsinspector"
  React-logger:
    :path: "../node_modules/react-native/ReactCommon/logger"
  react-native-config:
    :path: "../node_modules/react-native-config"
  react-native-encrypted-storage:
    :path: "../node_modules/react-native-encrypted-storage"
  react-native-geolocation:
    :path: "../node_modules/@react-native-community/geolocation"
  react-native-image-base64:
    :path: "../node_modules/react-native-image-base64"
  react-native-image-resizer:
    :path: "../node_modules/react-native-image-resizer"
  react-native-nmap:
    :path: "../node_modules/react-native-nmap"
  react-native-safe-area-context:
    :path: "../node_modules/react-native-safe-area-context"
  react-native-slider:
    :path: "../node_modules/@react-native-community/slider"
  react-native-splash-screen:
    :path: "../node_modules/react-native-splash-screen"
  react-native-webview:
    :path: "../node_modules/react-native-webview"
  React-perflogger:
    :path: "../node_modules/react-native/ReactCommon/reactperflogger"
  React-RCTActionSheet:
    :path: "../node_modules/react-native/Libraries/ActionSheetIOS"
  React-RCTAnimation:
    :path: "../node_modules/react-native/Libraries/NativeAnimation"
  React-RCTBlob:
    :path: "../node_modules/react-native/Libraries/Blob"
  React-RCTImage:
    :path: "../node_modules/react-native/Libraries/Image"
  React-RCTLinking:
    :path: "../node_modules/react-native/Libraries/LinkingIOS"
  React-RCTNetwork:
    :path: "../node_modules/react-native/Libraries/Network"
  React-RCTSettings:
    :path: "../node_modules/react-native/Libraries/Settings"
  React-RCTText:
    :path: "../node_modules/react-native/Libraries/Text"
  React-RCTVibration:
    :path: "../node_modules/react-native/Libraries/Vibration"
  React-runtimeexecutor:
    :path: "../node_modules/react-native/ReactCommon/runtimeexecutor"
  ReactCommon:
    :path: "../node_modules/react-native/ReactCommon"
  rn-fetch-blob:
    :path: "../node_modules/rn-fetch-blob"
  RNCCheckbox:
    :path: "../node_modules/@react-native-community/checkbox"
  RNCPicker:
    :path: "../node_modules/@react-native-picker/picker"
  RNCPushNotificationIOS:
    :path: "../node_modules/@react-native-community/push-notification-ios"
  RNDateTimePicker:
    :path: "../node_modules/@react-native-community/datetimepicker"
  RNFastImage:
    :path: "../node_modules/react-native-fast-image"
  RNFBAnalytics:
    :path: "../node_modules/@react-native-firebase/analytics"
  RNFBApp:
    :path: "../node_modules/@react-native-firebase/app"
  RNFBMessaging:
    :path: "../node_modules/@react-native-firebase/messaging"
  RNGestureHandler:
    :path: "../node_modules/react-native-gesture-handler"
  RNImageCropPicker:
    :path: "../node_modules/react-native-image-crop-picker"
  RNPermissions:
    :path: "../node_modules/react-native-permissions"
  RNReanimated:
    :path: "../node_modules/react-native-reanimated"
  RNScreens:
    :path: "../node_modules/react-native-screens"
  RNSVG:
    :path: "../node_modules/react-native-svg"
  Yoga:
    :path: "../node_modules/react-native/ReactCommon/yoga"

SPEC CHECKSUMS:
  AppCenter: 3fd04aa1b166e16fdb03ec81dabe488aece83fbd
  appcenter-analytics: 1aea9ada8922d2e2df3e069a28eda21157c9d30d
  appcenter-core: c593b2e4ac28d6a21b6a217c4a5e6b3de7b0b00f
  appcenter-crashes: d9ae1c9296974c1c433600fa2f320e0ba1f12bdf
  AppCenterReactNativeShared: f395caeabde0dc3a11609dbcb737d0f14cd40e79
  Base64: cecfb41a004124895a7bcee567a89bae5a89d49b
  boost: a7c83b31436843459a1961bfd74b96033dc77234
  CocoaAsyncSocket: 065fd1e645c7abab64f7a6a2007a48038fdc6a99
  CodePush: ef496b6fd053012e985e3d4a0ab9f9dbf2739eac
  DoubleConversion: 5189b271737e1565bdce30deb4a08d647e3f5f54
  FBLazyVector: 0045cf98ca4a48af3bf7108d85b1c243740fa289
  FBReactNativeSpec: 82e74141263f8c962e288f5cd6b5d149cdc8afe1
  Firebase: a3ea7eba4382afd83808376edb99acdaff078dcf
  FirebaseAnalytics: 24a15e58e505abcedc3017b6f7c206fbfa964580
  FirebaseCore: 813838072b797b64f529f3c2ee35e696e5641dd1
  FirebaseCoreExtension: d08b424832917cf13612021574399afbbedffeef
  FirebaseCoreInternal: 091bde13e47bb1c5e9fe397634f3593dc390430f
  FirebaseInstallations: 004915af170935e3a583faefd5f8bc851afc220f
  FirebaseMessaging: cc9f40f5b7494680f3844d08e517e92aa4e8d9f7
  Flipper: 26fc4b7382499f1281eb8cb921e5c3ad6de91fe0
  Flipper-Boost-iOSX: fd1e2b8cbef7e662a122412d7ac5f5bea715403c
  Flipper-DoubleConversion: 2dc99b02f658daf147069aad9dbd29d8feb06d30
  Flipper-Fmt: 60cbdd92fc254826e61d669a5d87ef7015396a9b
  Flipper-Folly: 584845625005ff068a6ebf41f857f468decd26b3
  Flipper-Glog: 70c50ce58ddaf67dc35180db05f191692570f446
  Flipper-PeerTalk: 116d8f857dc6ef55c7a5a75ea3ceaafe878aadc9
  Flipper-RSocket: d9d9ade67cbecf6ac10730304bf5607266dd2541
  FlipperKit: cbdee19bdd4e7f05472a66ce290f1b729ba3cb86
  fmt: ff9d55029c625d3757ed641535fd4a75fedc7ce9
  glog: 3d02b25ca00c2d456734d0bcff864cbc62f6ae1a
  GoogleAppMeasurement: 3bc3a6484b7bb20dd8489242c4dd3c92a3e5107b
  GoogleDataTransport: 1c8145da7117bd68bbbed00cf304edb6a24de00f
  GoogleUtilities: bad72cb363809015b1f7f19beb1f1cd23c589f95
  hermes-engine: 479687cd0904b24f1b2ae71d1196b44786af5601
  iamport-react-native: 2effc6d89aebafca5117c214b7ed22c8d163cbb5
  JWT: ef71dfb03e1f842081e64dc42eef0e164f35d251
  libevent: 4049cae6c81cdb3654a443be001fb9bdceff7913
  libwebp: 60305b2e989864154bd9be3d772730f08fc6a59c
  nanopb: b552cce312b6c8484180ef47159bc0f65a1f0431
  NMapsMap: a2593320fca2bb09e521c05b4dffee4da42e96ed
  OpenSSL-Universal: ebc357f1e6bc71fa463ccb2fe676756aff50e88c
  Permission-Camera: bf6791b17c7f614b6826019fcfdcc286d3a107f6
  Permission-LocationAccuracy: 76df17de5c6b8bc2eee34e61ee92cdd7a864c73d
  Permission-LocationAlways: 8d99b025c9f73c696e0cdb367e42525f2e9a26f2
  Permission-LocationWhenInUse: 3ba99e45c852763f730eabecec2870c2382b7bd4
  Permission-Notifications: 150484ae586eb9be4e32217582a78350a9bb31c3
  Permission-PhotoLibrary: 5b34ca67279f7201ae109cef36f9806a6596002d
  PromisesObjC: ab77feca74fa2823e7af4249b8326368e61014cb
  RCT-Folly: b9d9fe1fc70114b751c076104e52f3b1b5e5a95a
  RCTRequired: 85c60c4bde8241278be2c93420de4c65475a2151
  RCTTypeSafety: 15990f289215eb0fc65c5eb6e2610faeeda8d5e1
  React: 6cfa9367042a85f6235740420df017d51efc6494
  React-bridging: bf49ea3fa02446c647748d33cc9cbc0f5509bba7
  React-callinvoker: 6b98a94d1f5063afe211379d061b01f40707394a
  React-Codegen: 2fe0ade7442acce0b729a228a2d9111b6ef294e2
  React-Core: ad82eacbe769f918b0d199df3cb7c780cd3f46ff
  React-CoreModules: 72b07fed89ab0e7f2600f9275ec9642130aa920c
  React-cxxreact: 2bba16be9eb4116bee86e3dfd85aeb67b2795eca
  React-hermes: 1bf0fdad2d569e81c3da59dc23eef5630b5f1950
  React-jsi: 013de11039e08ae5d67868a72f1012794d34e72f
  React-jsiexecutor: e42f0b46de293a026c2fb20e524d4fe09f81f575
  React-jsinspector: e385fb7a1440ae3f3b2cd1a139ca5aadaab43c10
  React-logger: 15c734997c06fe9c9b88e528fb7757601e7a56df
  react-native-config: bcafda5b4c51491ee1b0e1d0c4e3905bc7b56c1b
  react-native-encrypted-storage: e78d848ce0fb663c2ce306e37921d026809322e6
  react-native-geolocation: b80a44fb11e18eff64a68984092aacf3528580c3
  react-native-image-base64: 2ff9ac788639c87a91361ab6652cc95e871b1e54
  react-native-image-resizer: d9fb629a867335bdc13230ac2a58702bb8c8828f
  react-native-nmap: cfcc5402746040494c544ea90a6062f49505acdf
  react-native-safe-area-context: b456e1c40ec86f5593d58b275bd0e9603169daca
  react-native-slider: 70c5d4eaa12c27cc5be1ef6ee198d41a52484944
  react-native-splash-screen: 4312f786b13a81b5169ef346d76d33bc0c6dc457
  react-native-webview: d33e2db8925d090871ffeb232dfa50cb3a727581
  React-perflogger: 367418425c5e4a9f0f80385ee1eaacd2a7348f8e
  React-RCTActionSheet: e4885e7136f98ded1137cd3daccc05eaed97d5a6
  React-RCTAnimation: 7c5a74f301c9b763343ba98a3dd776ed2676993f
  React-RCTBlob: 5c294e0415b290b1b3b72ec454c43e3afcfab444
  React-RCTImage: e82034ab64dfbadd3e0b42d830a810702f59f758
  React-RCTLinking: f007e2b4094e1fd364f3bde8bbd94113d4e1e70f
  React-RCTNetwork: 72eaf2f4cbcb5105b2ef4ac6a987b51047d8835f
  React-RCTSettings: 61949292107ca7b6cf9601679e952b1b5a3546a7
  React-RCTText: 307181243987b73aaefc22afd0b57b10ef970429
  React-RCTVibration: 42b34fde72e42446d9b08d2b9a3ddc2fa9ac6189
  React-runtimeexecutor: c778439c3c430a5719d027d3c67423b390a221fe
  ReactCommon: ab1003b81be740fecd82509c370a45b1a7dda0c1
  rn-fetch-blob: f065bb7ab7fb48dd002629f8bdcb0336602d3cba
  RNCCheckbox: ed1b4ca295475b41e7251ebae046360a703b6eb5
  RNCPicker: 0bf8ef8f7800524f32d2bb2a8bcadd53eda0ecd1
  RNCPushNotificationIOS: 87b8d16d3ede4532745e05b03c42cff33a36cc45
  RNDateTimePicker: d071d5a0a220e44a5fb06c5323a479c937023aa9
  RNFastImage: 3207b9eb17c2425d574ca40db35185db6e324f4e
  RNFBAnalytics: 24d7b1c90720e4166128f4a5190afe3f63d7f52e
  RNFBApp: a974e4c5304e2fb1cbde986e8b1f86396a8e87e5
  RNFBMessaging: 31b1948c7f046f51d6f3738d7dbe75c8ee1bf523
  RNGestureHandler: 7673697e7c0e9391adefae4faa087442bc04af33
  RNImageCropPicker: ffbba608264885c241cbf3a8f78eb7aeeb978241
  RNPermissions: dcdb7b99796bbeda6975a6e79ad519c41b251b1c
  RNReanimated: aaf0af38841d8fc482117e7a0c1a3f99a8ba74f4
  RNScreens: 0df01424e9e0ed7827200d6ed1087ddd06c493f9
  RNSVG: 07037623c36f12e41312730622d5f6b3656227ca
  SDWebImage: a7f831e1a65eb5e285e3fb046a23fcfbf08e696d
  SDWebImageWebPCoder: 908b83b6adda48effe7667cd2b7f78c897e5111d
  SocketRocket: fccef3f9c5cedea1353a9ef6ada904fde10d6608
  SSZipArchive: 62d4947b08730e4cda640473b0066d209ff033c9
  TOCropViewController: edfd4f25713d56905ad1e0b9f5be3fbe0f59c863
  Yoga: c2b1f2494060865ac1f27e49639e72371b1205fa
  YogaKit: f782866e155069a2cca2517aafea43200b01fd5a

PODFILE CHECKSUM: 829bae8b971f5bebcd198bd93c5a26b6de42168b

COCOAPODS: 1.11.3
